
Microsoft Visual Studio Solution File, Format Version 12.00
# Visual Studio Version 17
VisualStudioVersion = 17.4.33205.214
MinimumVisualStudioVersion = 10.0.40219.1
Project("{FAE04EC0-301F-11D3-BF4B-00C04F79EFBC}") = "JWT-SER", "JWT-SER.csproj", "{27FE643A-0785-4E05-A125-F45F82562114}"
EndProject
Global
	GlobalSection(SolutionConfigurationPlatforms) = preSolution
		Debug|Any CPU = Debug|Any CPU
		Release|Any CPU = Release|Any CPU
	EndGlobalSection
	GlobalSection(ProjectConfigurationPlatforms) = postSolution
		{27FE643A-0785-4E05-A125-F45F82562114}.Debug|Any CPU.ActiveCfg = Debug|Any CPU
		{27FE643A-0785-4E05-A125-F45F82562114}.Debug|Any CPU.Build.0 = Debug|Any CPU
		{27FE643A-0785-4E05-A125-F45F82562114}.Release|Any CPU.ActiveCfg = Release|Any CPU
		{27FE643A-0785-4E05-A125-F45F82562114}.Release|Any CPU.Build.0 = Release|Any CPU
	EndGlobalSection
	GlobalSection(SolutionProperties) = preSolution
		HideSolutionNode = FALSE
	EndGlobalSection
	GlobalSection(ExtensibilityGlobals) = postSolution
		SolutionGuid = {BBFC2D0D-BC46-4821-BE6C-53338918F673}
	EndGlobalSection
EndGlobal
